
Microsoft Visual Studio Solution File, Format Version 12.00
Project("{FAE04EC0-301F-11D3-BF4B-00C04F79EFBC}") = "Monjo.Core", "src\Monjo.Core\Monjo.Core.csproj", "{A1000001-0000-4000-8000-000000000001}"
EndProject
Project("{FAE04EC0-301F-11D3-BF4B-00C04F79EFBC}") = "Monjo.Sql", "src\Monjo.Sql\Monjo.Sql.csproj", "{A1000001-0000-4000-8000-000000000002}"
EndProject
Project("{FAE04EC0-301F-11D3-BF4B-00C04F79EFBC}") = "Monjo.MongoDB", "src\Monjo.MongoDB\Monjo.MongoDB.csproj", "{A1000001-0000-4000-8000-000000000003}"
EndProject
Project("{FAE04EC0-301F-11D3-BF4B-00C04F79EFBC}") = "Monjo.PostgreSQL", "src\Monjo.PostgreSQL\Monjo.PostgreSQL.csproj", "{A1000001-0000-4000-8000-000000000004}"
EndProject
Project("{FAE04EC0-301F-11D3-BF4B-00C04F79EFBC}") = "Monjo.SQLite", "src\Monjo.SQLite\Monjo.SQLite.csproj", "{A1000001-0000-4000-8000-000000000005}"
EndProject
Project("{FAE04EC0-301F-11D3-BF4B-00C04F79EFBC}") = "Monjo.Tests", "tests\Monjo.Tests\Monjo.Tests.csproj", "{A1000001-0000-4000-8000-000000000006}"
EndProject
Project("{FAE04EC0-301F-11D3-BF4B-00C04F79EFBC}") = "Monjo.Benchmarks", "benchmarks\Monjo.Benchmarks\Monjo.Benchmarks.csproj", "{A1000001-0000-4000-8000-000000000007}"
EndProject
Global
	GlobalSection(SolutionConfigurationPlatforms) = preSolution
		Debug|Any CPU = Debug|Any CPU
		Release|Any CPU = Release|Any CPU
	EndGlobalSection
	GlobalSection(ProjectConfigurationPlatforms) = postSolution
		{A1000001-0000-4000-8000-000000000001}.Debug|Any CPU.ActiveCfg = Debug|Any CPU
		{A1000001-0000-4000-8000-000000000001}.Debug|Any CPU.Build.0 = Debug|Any CPU
		{A1000001-0000-4000-8000-000000000001}.Release|Any CPU.ActiveCfg = Release|Any CPU
		{A1000001-0000-4000-8000-000000000001}.Release|Any CPU.Build.0 = Release|Any CPU
		{A1000001-0000-4000-8000-000000000002}.Debug|Any CPU.ActiveCfg = Debug|Any CPU
		{A1000001-0000-4000-8000-000000000002}.Debug|Any CPU.Build.0 = Debug|Any CPU
		{A1000001-0000-4000-8000-000000000002}.Release|Any CPU.ActiveCfg = Release|Any CPU
		{A1000001-0000-4000-8000-000000000002}.Release|Any CPU.Build.0 = Release|Any CPU
		{A1000001-0000-4000-8000-000000000003}.Debug|Any CPU.ActiveCfg = Debug|Any CPU
		{A1000001-0000-4000-8000-000000000003}.Debug|Any CPU.Build.0 = Debug|Any CPU
		{A1000001-0000-4000-8000-000000000003}.Release|Any CPU.ActiveCfg = Release|Any CPU
		{A1000001-0000-4000-8000-000000000003}.Release|Any CPU.Build.0 = Release|Any CPU
		{A1000001-0000-4000-8000-000000000004}.Debug|Any CPU.ActiveCfg = Debug|Any CPU
		{A1000001-0000-4000-8000-000000000004}.Debug|Any CPU.Build.0 = Debug|Any CPU
		{A1000001-0000-4000-8000-000000000004}.Release|Any CPU.ActiveCfg = Release|Any CPU
		{A1000001-0000-4000-8000-000000000004}.Release|Any CPU.Build.0 = Release|Any CPU
		{A1000001-0000-4000-8000-000000000005}.Debug|Any CPU.ActiveCfg = Debug|Any CPU
		{A1000001-0000-4000-8000-000000000005}.Debug|Any CPU.Build.0 = Debug|Any CPU
		{A1000001-0000-4000-8000-000000000005}.Release|Any CPU.ActiveCfg = Release|Any CPU
		{A1000001-0000-4000-8000-000000000005}.Release|Any CPU.Build.0 = Release|Any CPU
		{A1000001-0000-4000-8000-000000000006}.Debug|Any CPU.ActiveCfg = Debug|Any CPU
		{A1000001-0000-4000-8000-000000000006}.Debug|Any CPU.Build.0 = Debug|Any CPU
		{A1000001-0000-4000-8000-000000000006}.Release|Any CPU.ActiveCfg = Release|Any CPU
		{A1000001-0000-4000-8000-000000000006}.Release|Any CPU.Build.0 = Release|Any CPU
		{A1000001-0000-4000-8000-000000000007}.Debug|Any CPU.ActiveCfg = Debug|Any CPU
		{A1000001-0000-4000-8000-000000000007}.Debug|Any CPU.Build.0 = Debug|Any CPU
		{A1000001-0000-4000-8000-000000000007}.Release|Any CPU.ActiveCfg = Release|Any CPU
		{A1000001-0000-4000-8000-000000000007}.Release|Any CPU.Build.0 = Release|Any CPU
	EndGlobalSection
	GlobalSection(SolutionProperties) = preSolution
		HideSolutionNode = FALSE
	EndGlobalSection
EndGlobal
