
Microsoft Visual Studio Solution File, Format Version 12.00
Project("{FAE04EC0-301F-11D3-BF4B-00C04F79EFBC}") = "M1Mentor.Api", "M1Mentor.Api\M1Mentor.Api.csproj", "{84621FD5-2C0F-402C-9A08-CBD061B5B822}"
EndProject
Project("{FAE04EC0-301F-11D3-BF4B-00C04F79EFBC}") = "M1Mentor.Domain", "M1Mentor.Domain\M1Mentor.Domain.csproj", "{0FE030D8-1CA5-43E9-BA20-7E0F23BB12F0}"
EndProject
Project("{FAE04EC0-301F-11D3-BF4B-00C04F79EFBC}") = "M1Mentor.Services", "M1Mentor.Services\M1Mentor.Services.csproj", "{7D137DFF-2DFB-4E83-9CFE-C4FA65E02DB0}"
EndProject
Project("{FAE04EC0-301F-11D3-BF4B-00C04F79EFBC}") = "Utilities", "Utilities\Utilities.csproj", "{DBDB31EA-FEC7-4906-8F11-4966DF4352C7}"
EndProject
Global
	GlobalSection(SolutionConfigurationPlatforms) = preSolution
		Debug|Any CPU = Debug|Any CPU
		Debug|x64 = Debug|x64
		Debug|x86 = Debug|x86
		Release|Any CPU = Release|Any CPU
		Release|x64 = Release|x64
		Release|x86 = Release|x86
	EndGlobalSection
	GlobalSection(ProjectConfigurationPlatforms) = postSolution
		{84621FD5-2C0F-402C-9A08-CBD061B5B822}.Debug|Any CPU.ActiveCfg = Debug|Any CPU
		{84621FD5-2C0F-402C-9A08-CBD061B5B822}.Debug|Any CPU.Build.0 = Debug|Any CPU
		{84621FD5-2C0F-402C-9A08-CBD061B5B822}.Debug|x64.ActiveCfg = Debug|Any CPU
		{84621FD5-2C0F-402C-9A08-CBD061B5B822}.Debug|x64.Build.0 = Debug|Any CPU
		{84621FD5-2C0F-402C-9A08-CBD061B5B822}.Debug|x86.ActiveCfg = Debug|Any CPU
		{84621FD5-2C0F-402C-9A08-CBD061B5B822}.Debug|x86.Build.0 = Debug|Any CPU
		{84621FD5-2C0F-402C-9A08-CBD061B5B822}.Release|Any CPU.ActiveCfg = Release|Any CPU
		{84621FD5-2C0F-402C-9A08-CBD061B5B822}.Release|Any CPU.Build.0 = Release|Any CPU
		{84621FD5-2C0F-402C-9A08-CBD061B5B822}.Release|x64.ActiveCfg = Release|Any CPU
		{84621FD5-2C0F-402C-9A08-CBD061B5B822}.Release|x64.Build.0 = Release|Any CPU
		{84621FD5-2C0F-402C-9A08-CBD061B5B822}.Release|x86.ActiveCfg = Release|Any CPU
		{84621FD5-2C0F-402C-9A08-CBD061B5B822}.Release|x86.Build.0 = Release|Any CPU
		{0FE030D8-1CA5-43E9-BA20-7E0F23BB12F0}.Debug|Any CPU.ActiveCfg = Debug|Any CPU
		{0FE030D8-1CA5-43E9-BA20-7E0F23BB12F0}.Debug|Any CPU.Build.0 = Debug|Any CPU
		{0FE030D8-1CA5-43E9-BA20-7E0F23BB12F0}.Debug|x64.ActiveCfg = Debug|Any CPU
		{0FE030D8-1CA5-43E9-BA20-7E0F23BB12F0}.Debug|x64.Build.0 = Debug|Any CPU
		{0FE030D8-1CA5-43E9-BA20-7E0F23BB12F0}.Debug|x86.ActiveCfg = Debug|Any CPU
		{0FE030D8-1CA5-43E9-BA20-7E0F23BB12F0}.Debug|x86.Build.0 = Debug|Any CPU
		{0FE030D8-1CA5-43E9-BA20-7E0F23BB12F0}.Release|Any CPU.ActiveCfg = Release|Any CPU
		{0FE030D8-1CA5-43E9-BA20-7E0F23BB12F0}.Release|Any CPU.Build.0 = Release|Any CPU
		{0FE030D8-1CA5-43E9-BA20-7E0F23BB12F0}.Release|x64.ActiveCfg = Release|Any CPU
		{0FE030D8-1CA5-43E9-BA20-7E0F23BB12F0}.Release|x64.Build.0 = Release|Any CPU
		{0FE030D8-1CA5-43E9-BA20-7E0F23BB12F0}.Release|x86.ActiveCfg = Release|Any CPU
		{0FE030D8-1CA5-43E9-BA20-7E0F23BB12F0}.Release|x86.Build.0 = Release|Any CPU
		{7D137DFF-2DFB-4E83-9CFE-C4FA65E02DB0}.Debug|Any CPU.ActiveCfg = Debug|Any CPU
		{7D137DFF-2DFB-4E83-9CFE-C4FA65E02DB0}.Debug|Any CPU.Build.0 = Debug|Any CPU
		{7D137DFF-2DFB-4E83-9CFE-C4FA65E02DB0}.Debug|x64.ActiveCfg = Debug|Any CPU
		{7D137DFF-2DFB-4E83-9CFE-C4FA65E02DB0}.Debug|x64.Build.0 = Debug|Any CPU
		{7D137DFF-2DFB-4E83-9CFE-C4FA65E02DB0}.Debug|x86.ActiveCfg = Debug|Any CPU
		{7D137DFF-2DFB-4E83-9CFE-C4FA65E02DB0}.Debug|x86.Build.0 = Debug|Any CPU
		{7D137DFF-2DFB-4E83-9CFE-C4FA65E02DB0}.Release|Any CPU.ActiveCfg = Release|Any CPU
		{7D137DFF-2DFB-4E83-9CFE-C4FA65E02DB0}.Release|Any CPU.Build.0 = Release|Any CPU
		{7D137DFF-2DFB-4E83-9CFE-C4FA65E02DB0}.Release|x64.ActiveCfg = Release|Any CPU
		{7D137DFF-2DFB-4E83-9CFE-C4FA65E02DB0}.Release|x64.Build.0 = Release|Any CPU
		{7D137DFF-2DFB-4E83-9CFE-C4FA65E02DB0}.Release|x86.ActiveCfg = Release|Any CPU
		{7D137DFF-2DFB-4E83-9CFE-C4FA65E02DB0}.Release|x86.Build.0 = Release|Any CPU
		{DBDB31EA-FEC7-4906-8F11-4966DF4352C7}.Debug|Any CPU.ActiveCfg = Debug|Any CPU
		{DBDB31EA-FEC7-4906-8F11-4966DF4352C7}.Debug|Any CPU.Build.0 = Debug|Any CPU
		{DBDB31EA-FEC7-4906-8F11-4966DF4352C7}.Debug|x64.ActiveCfg = Debug|Any CPU
		{DBDB31EA-FEC7-4906-8F11-4966DF4352C7}.Debug|x64.Build.0 = Debug|Any CPU
		{DBDB31EA-FEC7-4906-8F11-4966DF4352C7}.Debug|x86.ActiveCfg = Debug|Any CPU
		{DBDB31EA-FEC7-4906-8F11-4966DF4352C7}.Debug|x86.Build.0 = Debug|Any CPU
		{DBDB31EA-FEC7-4906-8F11-4966DF4352C7}.Release|Any CPU.ActiveCfg = Release|Any CPU
		{DBDB31EA-FEC7-4906-8F11-4966DF4352C7}.Release|Any CPU.Build.0 = Release|Any CPU
		{DBDB31EA-FEC7-4906-8F11-4966DF4352C7}.Release|x64.ActiveCfg = Release|Any CPU
		{DBDB31EA-FEC7-4906-8F11-4966DF4352C7}.Release|x64.Build.0 = Release|Any CPU
		{DBDB31EA-FEC7-4906-8F11-4966DF4352C7}.Release|x86.ActiveCfg = Release|Any CPU
		{DBDB31EA-FEC7-4906-8F11-4966DF4352C7}.Release|x86.Build.0 = Release|Any CPU
	EndGlobalSection
	GlobalSection(SolutionProperties) = preSolution
		HideSolutionNode = FALSE
	EndGlobalSection
EndGlobal
